
Microsoft Visual Studio Solution File, Format Version 12.00
# Visual Studio Version 17
VisualStudioVersion = 17.1.32319.34
MinimumVisualStudioVersion = 10.0.40219.1
Project("{FAE04EC0-301F-11D3-BF4B-00C04F79EFBC}") = "test", "test\test.csproj", "{D84A93BB-0582-48E1-AB5C-0CD9594A911C}"
EndProject
Global
	GlobalSection(SolutionConfigurationPlatforms) = preSolution
		Debug|Any CPU = Debug|Any CPU
		Release|Any CPU = Release|Any CPU
	EndGlobalSection
	GlobalSection(ProjectConfigurationPlatforms) = postSolution
		{D84A93BB-0582-48E1-AB5C-0CD9594A911C}.Debug|Any CPU.ActiveCfg = Debug|Any CPU
		{D84A93BB-0582-48E1-AB5C-0CD9594A911C}.Debug|Any CPU.Build.0 = Debug|Any CPU
		{D84A93BB-0582-48E1-AB5C-0CD9594A911C}.Release|Any CPU.ActiveCfg = Release|Any CPU
		{D84A93BB-0582-48E1-AB5C-0CD9594A911C}.Release|Any CPU.Build.0 = Release|Any CPU
	EndGlobalSection
	GlobalSection(SolutionProperties) = preSolution
		HideSolutionNode = FALSE
	EndGlobalSection
	GlobalSection(ExtensibilityGlobals) = postSolution
		SolutionGuid = {74CED3FE-55A9-4642-A8EA-FAF194A6353B}
	EndGlobalSection
EndGlobal
